
Microsoft Visual Studio Solution File, Format Version 12.00
# Visual Studio 2012
Project("{FAE04EC0-301F-11D3-BF4B-00C04F79EFBC}") = "GiaodienPhanmem", "GiaodienPhanmem\GiaodienPhanmem.csproj", "{2142C5CE-CB8A-463E-9AAF-D447A8C19691}"
EndProject
Global
	GlobalSection(SolutionConfigurationPlatforms) = preSolution
		Debug|Any CPU = Debug|Any CPU
		Release|Any CPU = Release|Any CPU
	EndGlobalSection
	GlobalSection(ProjectConfigurationPlatforms) = postSolution
		{2142C5CE-CB8A-463E-9AAF-D447A8C19691}.Debug|Any CPU.ActiveCfg = Debug|Any CPU
		{2142C5CE-CB8A-463E-9AAF-D447A8C19691}.Debug|Any CPU.Build.0 = Debug|Any CPU
		{2142C5CE-CB8A-463E-9AAF-D447A8C19691}.Release|Any CPU.ActiveCfg = Release|Any CPU
		{2142C5CE-CB8A-463E-9AAF-D447A8C19691}.Release|Any CPU.Build.0 = Release|Any CPU
	EndGlobalSection
	GlobalSection(SolutionProperties) = preSolution
		HideSolutionNode = FALSE
	EndGlobalSection
EndGlobal
